{
  "name": "chatgpt-to-markdown",
  "version": "1.9.1",
  "lockfileVersion": 3,
  "requires": true,
  "packages": {
    "": {
      "name": "chatgpt-to-markdown",
      "version": "1.9.1",
      "license": "MIT",
      "bin": {
        "chatgpt-to-markdown": "chatgpt-to-markdown-cli.js",
        "thinktime": "thinktime-cli.js"
      }
    }
  }
}
