{
  "name": "chatgpt-to-markdown",
  "version": "1.9.1",
  "lockfileVersion": 3,
  "requires": true,
  "packages": {
    "": {
      "name": "chatgpt-to-markdown",
      "version": "1.9.1",
      "license": "MIT",
      "dependencies": {
        "stream-json": "^1.9.1"
      },
      "bin": {
        "chatgpt-to-markdown": "chatgpt-to-markdown-cli.js",
        "thinktime": "thinktime-cli.js"
      }
    },
    "node_modules/stream-chain": {
      "version": "2.2.5",
      "resolved": "https://registry.npmjs.org/stream-chain/-/stream-chain-2.2.5.tgz",
      "integrity": "sha512-1TJmBx6aSWqZ4tx7aTpBDXK0/e2hhcNSTV8+CbFJtDjbb+I1mZ8lHit0Grw9GRT+6JbIrrDd8esncgBi8aBXGA==",
      "license": "BSD-3-Clause"
    },
    "node_modules/stream-json": {
      "version": "1.9.1",
      "resolved": "https://registry.npmjs.org/stream-json/-/stream-json-1.9.1.tgz",
      "integrity": "sha512-uWkjJ+2Nt/LO9Z/JyKZbMusL8Dkh97uUBTv3AJQ74y07lVahLY4eEFsPsE97pxYBwr8nnjMAIch5eqI0gPShyw==",
      "license": "BSD-3-Clause",
      "dependencies": {
        "stream-chain": "^2.2.5"
      }
    }
  }
}
