{
  "name": "chatgpt-to-markdown",
  "version": "1.7.0",
  "lockfileVersion": 3,
  "requires": true,
  "packages": {
    "": {
      "name": "chatgpt-to-markdown",
      "version": "1.7.0",
      "license": "MIT",
      "bin": {
        "chatgpt-to-markdown": "cli.js",
        "thinktime": "thinktime.js"
      }
    }
  }
}
